
Microsoft Visual Studio Solution File, Format Version 11.00
# Visual Studio 2010
Project("{FAE04EC0-301F-11D3-BF4B-00C04F79EFBC}") = "GenericSerial", "GenericSerial.csproj", "{1F565195-CC1E-4EFD-B674-B2B0CC105DFA}"
EndProject
Global
	GlobalSection(SolutionConfigurationPlatforms) = preSolution
		Debug|Any CPU = Debug|Any CPU
		Release|Any CPU = Release|Any CPU
	EndGlobalSection
	GlobalSection(ProjectConfigurationPlatforms) = postSolution
		{1F565195-CC1E-4EFD-B674-B2B0CC105DFA}.Debug|Any CPU.ActiveCfg = Debug|Any CPU
		{1F565195-CC1E-4EFD-B674-B2B0CC105DFA}.Debug|Any CPU.Build.0 = Debug|Any CPU
		{1F565195-CC1E-4EFD-B674-B2B0CC105DFA}.Release|Any CPU.ActiveCfg = Release|Any CPU
		{1F565195-CC1E-4EFD-B674-B2B0CC105DFA}.Release|Any CPU.Build.0 = Release|Any CPU
	EndGlobalSection
	GlobalSection(SolutionProperties) = preSolution
		HideSolutionNode = FALSE
	EndGlobalSection
EndGlobal
